# THIS IS AN AUTOGENERATED FILE. DO NOT EDIT THIS FILE DIRECTLY.
# yarn lockfile v1


fast-base64-decode@^1.0.0:
  version "1.0.0"
  resolved "https://registry.yarnpkg.com/fast-base64-decode/-/fast-base64-decode-1.0.0.tgz#b434a0dd7d92b12b43f26819300d2dafb83ee418"
  integrity sha512-qwaScUgUGBYeDNRnbc/KyllVU88Jk1pRHPStuF/lO7B0/RTRLj7U0lkdTAutlBblY08rwZDff6tNU9cjv6j//Q==

react-native-get-random-values@^1.11.0:
  version "1.11.0"
  resolved "https://registry.yarnpkg.com/react-native-get-random-values/-/react-native-get-random-values-1.11.0.tgz#1ca70d1271f4b08af92958803b89dccbda78728d"
  integrity sha512-4BTbDbRmS7iPdhYLRcz3PGFIpFJBwNZg9g42iwa2P6FOv9vZj/xJc678RZXnLNZzd0qd7Q3CCF6Yd+CU2eoXKQ==
  dependencies:
    fast-base64-decode "^1.0.0"
